
Microsoft Visual Studio Solution File, Format Version 12.00
# Visual Studio Version 17
VisualStudioVersion = 17.2.32519.379
MinimumVisualStudioVersion = 10.0.40219.1
Project("{FAE04EC0-301F-11D3-BF4B-00C04F79EFBC}") = "ZadanieFirmaDone", "ZadanieFirmaDone\ZadanieFirmaDone.csproj", "{DC464EBB-231C-43A3-B1F7-56CCB057CCB0}"
EndProject
Global
	GlobalSection(SolutionConfigurationPlatforms) = preSolution
		Debug|Any CPU = Debug|Any CPU
		Release|Any CPU = Release|Any CPU
	EndGlobalSection
	GlobalSection(ProjectConfigurationPlatforms) = postSolution
		{DC464EBB-231C-43A3-B1F7-56CCB057CCB0}.Debug|Any CPU.ActiveCfg = Debug|Any CPU
		{DC464EBB-231C-43A3-B1F7-56CCB057CCB0}.Debug|Any CPU.Build.0 = Debug|Any CPU
		{DC464EBB-231C-43A3-B1F7-56CCB057CCB0}.Release|Any CPU.ActiveCfg = Release|Any CPU
		{DC464EBB-231C-43A3-B1F7-56CCB057CCB0}.Release|Any CPU.Build.0 = Release|Any CPU
	EndGlobalSection
	GlobalSection(SolutionProperties) = preSolution
		HideSolutionNode = FALSE
	EndGlobalSection
	GlobalSection(ExtensibilityGlobals) = postSolution
		SolutionGuid = {3BD22194-0FED-42DA-871C-FF62E52C247B}
	EndGlobalSection
EndGlobal
